
Microsoft Visual Studio Solution File, Format Version 12.00
# Visual Studio 15
VisualStudioVersion = 15.0.28010.2048
MinimumVisualStudioVersion = 10.0.40219.1
Project("{FAE04EC0-301F-11D3-BF4B-00C04F79EFBC}") = "kiloutou", "kiloutou\kiloutou.csproj", "{2F759E2E-2C87-478C-BD7F-5004D22B6CA5}"
EndProject
Global
	GlobalSection(SolutionConfigurationPlatforms) = preSolution
		Debug|Any CPU = Debug|Any CPU
		Release|Any CPU = Release|Any CPU
	EndGlobalSection
	GlobalSection(ProjectConfigurationPlatforms) = postSolution
		{2F759E2E-2C87-478C-BD7F-5004D22B6CA5}.Debug|Any CPU.ActiveCfg = Debug|Any CPU
		{2F759E2E-2C87-478C-BD7F-5004D22B6CA5}.Debug|Any CPU.Build.0 = Debug|Any CPU
		{2F759E2E-2C87-478C-BD7F-5004D22B6CA5}.Release|Any CPU.ActiveCfg = Release|Any CPU
		{2F759E2E-2C87-478C-BD7F-5004D22B6CA5}.Release|Any CPU.Build.0 = Release|Any CPU
	EndGlobalSection
	GlobalSection(SolutionProperties) = preSolution
		HideSolutionNode = FALSE
	EndGlobalSection
	GlobalSection(ExtensibilityGlobals) = postSolution
		SolutionGuid = {404C4B66-1481-458D-897C-172E4B30EF25}
	EndGlobalSection
EndGlobal
