
Microsoft Visual Studio Solution File, Format Version 12.00
# Visual Studio 15
VisualStudioVersion = 15.0.28010.2050
MinimumVisualStudioVersion = 10.0.40219.1
Project("{FAE04EC0-301F-11D3-BF4B-00C04F79EFBC}") = "test_liste_maison", "test_liste_maison\test_liste_maison.csproj", "{C29D8FE7-6C51-4650-98FF-E8277DB89E0D}"
EndProject
Global
	GlobalSection(SolutionConfigurationPlatforms) = preSolution
		Debug|Any CPU = Debug|Any CPU
		Release|Any CPU = Release|Any CPU
	EndGlobalSection
	GlobalSection(ProjectConfigurationPlatforms) = postSolution
		{C29D8FE7-6C51-4650-98FF-E8277DB89E0D}.Debug|Any CPU.ActiveCfg = Debug|Any CPU
		{C29D8FE7-6C51-4650-98FF-E8277DB89E0D}.Debug|Any CPU.Build.0 = Debug|Any CPU
		{C29D8FE7-6C51-4650-98FF-E8277DB89E0D}.Release|Any CPU.ActiveCfg = Release|Any CPU
		{C29D8FE7-6C51-4650-98FF-E8277DB89E0D}.Release|Any CPU.Build.0 = Release|Any CPU
	EndGlobalSection
	GlobalSection(SolutionProperties) = preSolution
		HideSolutionNode = FALSE
	EndGlobalSection
	GlobalSection(ExtensibilityGlobals) = postSolution
		SolutionGuid = {F3409AFA-79FC-48E5-9DF1-BA78F5CE4C57}
	EndGlobalSection
EndGlobal
