
Microsoft Visual Studio Solution File, Format Version 12.00
# Visual Studio 15
VisualStudioVersion = 15.0.28307.539
MinimumVisualStudioVersion = 10.0.40219.1
Project("{FAE04EC0-301F-11D3-BF4B-00C04F79EFBC}") = "ConsoleAppBouteille", "ConsoleAppBouteille\ConsoleAppBouteille.csproj", "{0FB2D679-7717-4F77-8E07-0FC0485F84AD}"
EndProject
Project("{9A19103F-16F7-4668-BE54-9A1E7A4F7556}") = "ClassLibraryBouteille", "ClassLibraryBouteille\ClassLibraryBouteille.csproj", "{2A69E6D4-8DB5-44AC-974F-B64729616D46}"
EndProject
Global
	GlobalSection(SolutionConfigurationPlatforms) = preSolution
		Debug|Any CPU = Debug|Any CPU
		Release|Any CPU = Release|Any CPU
	EndGlobalSection
	GlobalSection(ProjectConfigurationPlatforms) = postSolution
		{0FB2D679-7717-4F77-8E07-0FC0485F84AD}.Debug|Any CPU.ActiveCfg = Debug|Any CPU
		{0FB2D679-7717-4F77-8E07-0FC0485F84AD}.Debug|Any CPU.Build.0 = Debug|Any CPU
		{0FB2D679-7717-4F77-8E07-0FC0485F84AD}.Release|Any CPU.ActiveCfg = Release|Any CPU
		{0FB2D679-7717-4F77-8E07-0FC0485F84AD}.Release|Any CPU.Build.0 = Release|Any CPU
		{2A69E6D4-8DB5-44AC-974F-B64729616D46}.Debug|Any CPU.ActiveCfg = Debug|Any CPU
		{2A69E6D4-8DB5-44AC-974F-B64729616D46}.Debug|Any CPU.Build.0 = Debug|Any CPU
		{2A69E6D4-8DB5-44AC-974F-B64729616D46}.Release|Any CPU.ActiveCfg = Release|Any CPU
		{2A69E6D4-8DB5-44AC-974F-B64729616D46}.Release|Any CPU.Build.0 = Release|Any CPU
	EndGlobalSection
	GlobalSection(SolutionProperties) = preSolution
		HideSolutionNode = FALSE
	EndGlobalSection
	GlobalSection(ExtensibilityGlobals) = postSolution
		SolutionGuid = {5C705E7C-8D96-4B31-879B-87215C7C92F3}
	EndGlobalSection
EndGlobal
