
Microsoft Visual Studio Solution File, Format Version 12.00
# Visual Studio 15
VisualStudioVersion = 15.0.28307.489
MinimumVisualStudioVersion = 10.0.40219.1
Project("{FAE04EC0-301F-11D3-BF4B-00C04F79EFBC}") = "hanoi", "hanoi\hanoi.csproj", "{699419D1-DAB9-4992-A8A5-223E40F08B09}"
EndProject
Global
	GlobalSection(SolutionConfigurationPlatforms) = preSolution
		Debug|Any CPU = Debug|Any CPU
		Release|Any CPU = Release|Any CPU
	EndGlobalSection
	GlobalSection(ProjectConfigurationPlatforms) = postSolution
		{699419D1-DAB9-4992-A8A5-223E40F08B09}.Debug|Any CPU.ActiveCfg = Debug|Any CPU
		{699419D1-DAB9-4992-A8A5-223E40F08B09}.Debug|Any CPU.Build.0 = Debug|Any CPU
		{699419D1-DAB9-4992-A8A5-223E40F08B09}.Release|Any CPU.ActiveCfg = Release|Any CPU
		{699419D1-DAB9-4992-A8A5-223E40F08B09}.Release|Any CPU.Build.0 = Release|Any CPU
	EndGlobalSection
	GlobalSection(SolutionProperties) = preSolution
		HideSolutionNode = FALSE
	EndGlobalSection
	GlobalSection(ExtensibilityGlobals) = postSolution
		SolutionGuid = {A31C98CF-A6BA-4A88-9C9E-F9D284737702}
	EndGlobalSection
EndGlobal
