
Microsoft Visual Studio Solution File, Format Version 12.00
# Visual Studio 15
VisualStudioVersion = 15.0.27703.2000
MinimumVisualStudioVersion = 10.0.40219.1
Project("{FAE04EC0-301F-11D3-BF4B-00C04F79EFBC}") = "Point", "Point\Point.csproj", "{84D15B5D-A7C8-4988-B222-5821D9816DDF}"
EndProject
Project("{FAE04EC0-301F-11D3-BF4B-00C04F79EFBC}") = "Fraction", "Fraction\Fraction.csproj", "{581DA49C-833F-4910-B3DC-AF4F1F54E6A7}"
EndProject
Project("{FAE04EC0-301F-11D3-BF4B-00C04F79EFBC}") = "StaticApp", "StaticApp\StaticApp.csproj", "{95B33107-28C0-420A-9ECD-8F486A28D4BA}"
EndProject
Project("{FAE04EC0-301F-11D3-BF4B-00C04F79EFBC}") = "CompteBanque", "CompteBanque\CompteBanque.csproj", "{B2F58EE0-3998-48C3-B046-3762518ABC2D}"
EndProject
Global
	GlobalSection(SolutionConfigurationPlatforms) = preSolution
		Debug|Any CPU = Debug|Any CPU
		Release|Any CPU = Release|Any CPU
	EndGlobalSection
	GlobalSection(ProjectConfigurationPlatforms) = postSolution
		{84D15B5D-A7C8-4988-B222-5821D9816DDF}.Debug|Any CPU.ActiveCfg = Debug|Any CPU
		{84D15B5D-A7C8-4988-B222-5821D9816DDF}.Debug|Any CPU.Build.0 = Debug|Any CPU
		{84D15B5D-A7C8-4988-B222-5821D9816DDF}.Release|Any CPU.ActiveCfg = Release|Any CPU
		{84D15B5D-A7C8-4988-B222-5821D9816DDF}.Release|Any CPU.Build.0 = Release|Any CPU
		{581DA49C-833F-4910-B3DC-AF4F1F54E6A7}.Debug|Any CPU.ActiveCfg = Debug|Any CPU
		{581DA49C-833F-4910-B3DC-AF4F1F54E6A7}.Debug|Any CPU.Build.0 = Debug|Any CPU
		{581DA49C-833F-4910-B3DC-AF4F1F54E6A7}.Release|Any CPU.ActiveCfg = Release|Any CPU
		{581DA49C-833F-4910-B3DC-AF4F1F54E6A7}.Release|Any CPU.Build.0 = Release|Any CPU
		{95B33107-28C0-420A-9ECD-8F486A28D4BA}.Debug|Any CPU.ActiveCfg = Debug|Any CPU
		{95B33107-28C0-420A-9ECD-8F486A28D4BA}.Debug|Any CPU.Build.0 = Debug|Any CPU
		{95B33107-28C0-420A-9ECD-8F486A28D4BA}.Release|Any CPU.ActiveCfg = Release|Any CPU
		{95B33107-28C0-420A-9ECD-8F486A28D4BA}.Release|Any CPU.Build.0 = Release|Any CPU
		{B2F58EE0-3998-48C3-B046-3762518ABC2D}.Debug|Any CPU.ActiveCfg = Debug|Any CPU
		{B2F58EE0-3998-48C3-B046-3762518ABC2D}.Debug|Any CPU.Build.0 = Debug|Any CPU
		{B2F58EE0-3998-48C3-B046-3762518ABC2D}.Release|Any CPU.ActiveCfg = Release|Any CPU
		{B2F58EE0-3998-48C3-B046-3762518ABC2D}.Release|Any CPU.Build.0 = Release|Any CPU
	EndGlobalSection
	GlobalSection(SolutionProperties) = preSolution
		HideSolutionNode = FALSE
	EndGlobalSection
	GlobalSection(ExtensibilityGlobals) = postSolution
		SolutionGuid = {D51D6C39-5195-423C-88B5-A7863C60CC63}
	EndGlobalSection
EndGlobal
