
Microsoft Visual Studio Solution File, Format Version 12.00
# Visual Studio 15
VisualStudioVersion = 15.0.28010.2048
MinimumVisualStudioVersion = 10.0.40219.1
Project("{FAE04EC0-301F-11D3-BF4B-00C04F79EFBC}") = "caisse_enregistreuse", "caisse_enregistreuse\caisse_enregistreuse.csproj", "{AEA479F2-C239-402F-A73D-4E6BB1029416}"
EndProject
Global
	GlobalSection(SolutionConfigurationPlatforms) = preSolution
		Debug|Any CPU = Debug|Any CPU
		Release|Any CPU = Release|Any CPU
	EndGlobalSection
	GlobalSection(ProjectConfigurationPlatforms) = postSolution
		{AEA479F2-C239-402F-A73D-4E6BB1029416}.Debug|Any CPU.ActiveCfg = Debug|Any CPU
		{AEA479F2-C239-402F-A73D-4E6BB1029416}.Debug|Any CPU.Build.0 = Debug|Any CPU
		{AEA479F2-C239-402F-A73D-4E6BB1029416}.Release|Any CPU.ActiveCfg = Release|Any CPU
		{AEA479F2-C239-402F-A73D-4E6BB1029416}.Release|Any CPU.Build.0 = Release|Any CPU
	EndGlobalSection
	GlobalSection(SolutionProperties) = preSolution
		HideSolutionNode = FALSE
	EndGlobalSection
	GlobalSection(ExtensibilityGlobals) = postSolution
		SolutionGuid = {2F5DD6E1-38BB-4538-B360-9D6F295860A8}
	EndGlobalSection
EndGlobal
