
Microsoft Visual Studio Solution File, Format Version 12.00
# Visual Studio 15
VisualStudioVersion = 15.0.28010.2050
MinimumVisualStudioVersion = 10.0.40219.1
Project("{FAE04EC0-301F-11D3-BF4B-00C04F79EFBC}") = "classe_point", "classe_point\classe_point.csproj", "{20286C08-3743-4534-8B20-8699177A1CBE}"
EndProject
Global
	GlobalSection(SolutionConfigurationPlatforms) = preSolution
		Debug|Any CPU = Debug|Any CPU
		Release|Any CPU = Release|Any CPU
	EndGlobalSection
	GlobalSection(ProjectConfigurationPlatforms) = postSolution
		{20286C08-3743-4534-8B20-8699177A1CBE}.Debug|Any CPU.ActiveCfg = Debug|Any CPU
		{20286C08-3743-4534-8B20-8699177A1CBE}.Debug|Any CPU.Build.0 = Debug|Any CPU
		{20286C08-3743-4534-8B20-8699177A1CBE}.Release|Any CPU.ActiveCfg = Release|Any CPU
		{20286C08-3743-4534-8B20-8699177A1CBE}.Release|Any CPU.Build.0 = Release|Any CPU
	EndGlobalSection
	GlobalSection(SolutionProperties) = preSolution
		HideSolutionNode = FALSE
	EndGlobalSection
	GlobalSection(ExtensibilityGlobals) = postSolution
		SolutionGuid = {215D1FAF-FC87-4C22-BE6A-6F52E314325C}
	EndGlobalSection
EndGlobal
